
Microsoft Visual Studio Solution File, Format Version 12.00
# Visual Studio 15
VisualStudioVersion = 15.0.26124.0
MinimumVisualStudioVersion = 15.0.26124.0
Project("{FAE04EC0-301F-11D3-BF4B-00C04F79EFBC}") = "DIO.ComprasSupermercado", "DIO.ComprasSupermercado\DIO.ComprasSupermercado.csproj", "{C8342CDC-57B4-4990-AF31-E38A638F6F78}"
EndProject
Project("{FAE04EC0-301F-11D3-BF4B-00C04F79EFBC}") = "PinkCelebro", "PinkCelebro\PinkCelebro.csproj", "{0833C650-F753-45C9-ABB8-6328E97CAF7D}"
EndProject
Project("{FAE04EC0-301F-11D3-BF4B-00C04F79EFBC}") = "DIO.CrescimentoPopulacional", "DIO.CrescimentoPopulacional\DIO.CrescimentoPopulacional.csproj", "{2D47D0BF-1328-49A1-BC82-2E7F6BFC6527}"
EndProject
Project("{FAE04EC0-301F-11D3-BF4B-00C04F79EFBC}") = "DIO.TempoDeUmEvento", "DIO.TempoDeUmEvento\DIO.TempoDeUmEvento.csproj", "{C9AB5CAF-AB6E-4ECE-AFFE-3E6C14A66A31}"
EndProject
Global
	GlobalSection(SolutionConfigurationPlatforms) = preSolution
		Debug|Any CPU = Debug|Any CPU
		Debug|x64 = Debug|x64
		Debug|x86 = Debug|x86
		Release|Any CPU = Release|Any CPU
		Release|x64 = Release|x64
		Release|x86 = Release|x86
	EndGlobalSection
	GlobalSection(SolutionProperties) = preSolution
		HideSolutionNode = FALSE
	EndGlobalSection
	GlobalSection(ProjectConfigurationPlatforms) = postSolution
		{C8342CDC-57B4-4990-AF31-E38A638F6F78}.Debug|Any CPU.ActiveCfg = Debug|Any CPU
		{C8342CDC-57B4-4990-AF31-E38A638F6F78}.Debug|Any CPU.Build.0 = Debug|Any CPU
		{C8342CDC-57B4-4990-AF31-E38A638F6F78}.Debug|x64.ActiveCfg = Debug|Any CPU
		{C8342CDC-57B4-4990-AF31-E38A638F6F78}.Debug|x64.Build.0 = Debug|Any CPU
		{C8342CDC-57B4-4990-AF31-E38A638F6F78}.Debug|x86.ActiveCfg = Debug|Any CPU
		{C8342CDC-57B4-4990-AF31-E38A638F6F78}.Debug|x86.Build.0 = Debug|Any CPU
		{C8342CDC-57B4-4990-AF31-E38A638F6F78}.Release|Any CPU.ActiveCfg = Release|Any CPU
		{C8342CDC-57B4-4990-AF31-E38A638F6F78}.Release|Any CPU.Build.0 = Release|Any CPU
		{C8342CDC-57B4-4990-AF31-E38A638F6F78}.Release|x64.ActiveCfg = Release|Any CPU
		{C8342CDC-57B4-4990-AF31-E38A638F6F78}.Release|x64.Build.0 = Release|Any CPU
		{C8342CDC-57B4-4990-AF31-E38A638F6F78}.Release|x86.ActiveCfg = Release|Any CPU
		{C8342CDC-57B4-4990-AF31-E38A638F6F78}.Release|x86.Build.0 = Release|Any CPU
		{0833C650-F753-45C9-ABB8-6328E97CAF7D}.Debug|Any CPU.ActiveCfg = Debug|Any CPU
		{0833C650-F753-45C9-ABB8-6328E97CAF7D}.Debug|Any CPU.Build.0 = Debug|Any CPU
		{0833C650-F753-45C9-ABB8-6328E97CAF7D}.Debug|x64.ActiveCfg = Debug|Any CPU
		{0833C650-F753-45C9-ABB8-6328E97CAF7D}.Debug|x64.Build.0 = Debug|Any CPU
		{0833C650-F753-45C9-ABB8-6328E97CAF7D}.Debug|x86.ActiveCfg = Debug|Any CPU
		{0833C650-F753-45C9-ABB8-6328E97CAF7D}.Debug|x86.Build.0 = Debug|Any CPU
		{0833C650-F753-45C9-ABB8-6328E97CAF7D}.Release|Any CPU.ActiveCfg = Release|Any CPU
		{0833C650-F753-45C9-ABB8-6328E97CAF7D}.Release|Any CPU.Build.0 = Release|Any CPU
		{0833C650-F753-45C9-ABB8-6328E97CAF7D}.Release|x64.ActiveCfg = Release|Any CPU
		{0833C650-F753-45C9-ABB8-6328E97CAF7D}.Release|x64.Build.0 = Release|Any CPU
		{0833C650-F753-45C9-ABB8-6328E97CAF7D}.Release|x86.ActiveCfg = Release|Any CPU
		{0833C650-F753-45C9-ABB8-6328E97CAF7D}.Release|x86.Build.0 = Release|Any CPU
		{2D47D0BF-1328-49A1-BC82-2E7F6BFC6527}.Debug|Any CPU.ActiveCfg = Debug|Any CPU
		{2D47D0BF-1328-49A1-BC82-2E7F6BFC6527}.Debug|Any CPU.Build.0 = Debug|Any CPU
		{2D47D0BF-1328-49A1-BC82-2E7F6BFC6527}.Debug|x64.ActiveCfg = Debug|Any CPU
		{2D47D0BF-1328-49A1-BC82-2E7F6BFC6527}.Debug|x64.Build.0 = Debug|Any CPU
		{2D47D0BF-1328-49A1-BC82-2E7F6BFC6527}.Debug|x86.ActiveCfg = Debug|Any CPU
		{2D47D0BF-1328-49A1-BC82-2E7F6BFC6527}.Debug|x86.Build.0 = Debug|Any CPU
		{2D47D0BF-1328-49A1-BC82-2E7F6BFC6527}.Release|Any CPU.ActiveCfg = Release|Any CPU
		{2D47D0BF-1328-49A1-BC82-2E7F6BFC6527}.Release|Any CPU.Build.0 = Release|Any CPU
		{2D47D0BF-1328-49A1-BC82-2E7F6BFC6527}.Release|x64.ActiveCfg = Release|Any CPU
		{2D47D0BF-1328-49A1-BC82-2E7F6BFC6527}.Release|x64.Build.0 = Release|Any CPU
		{2D47D0BF-1328-49A1-BC82-2E7F6BFC6527}.Release|x86.ActiveCfg = Release|Any CPU
		{2D47D0BF-1328-49A1-BC82-2E7F6BFC6527}.Release|x86.Build.0 = Release|Any CPU
		{C9AB5CAF-AB6E-4ECE-AFFE-3E6C14A66A31}.Debug|Any CPU.ActiveCfg = Debug|Any CPU
		{C9AB5CAF-AB6E-4ECE-AFFE-3E6C14A66A31}.Debug|Any CPU.Build.0 = Debug|Any CPU
		{C9AB5CAF-AB6E-4ECE-AFFE-3E6C14A66A31}.Debug|x64.ActiveCfg = Debug|Any CPU
		{C9AB5CAF-AB6E-4ECE-AFFE-3E6C14A66A31}.Debug|x64.Build.0 = Debug|Any CPU
		{C9AB5CAF-AB6E-4ECE-AFFE-3E6C14A66A31}.Debug|x86.ActiveCfg = Debug|Any CPU
		{C9AB5CAF-AB6E-4ECE-AFFE-3E6C14A66A31}.Debug|x86.Build.0 = Debug|Any CPU
		{C9AB5CAF-AB6E-4ECE-AFFE-3E6C14A66A31}.Release|Any CPU.ActiveCfg = Release|Any CPU
		{C9AB5CAF-AB6E-4ECE-AFFE-3E6C14A66A31}.Release|Any CPU.Build.0 = Release|Any CPU
		{C9AB5CAF-AB6E-4ECE-AFFE-3E6C14A66A31}.Release|x64.ActiveCfg = Release|Any CPU
		{C9AB5CAF-AB6E-4ECE-AFFE-3E6C14A66A31}.Release|x64.Build.0 = Release|Any CPU
		{C9AB5CAF-AB6E-4ECE-AFFE-3E6C14A66A31}.Release|x86.ActiveCfg = Release|Any CPU
		{C9AB5CAF-AB6E-4ECE-AFFE-3E6C14A66A31}.Release|x86.Build.0 = Release|Any CPU
	EndGlobalSection
EndGlobal
